
Microsoft Visual Studio Solution File, Format Version 12.00
# Visual Studio Version 17
VisualStudioVersion = 17.3.32922.545
MinimumVisualStudioVersion = 10.0.40219.1
Project("{8BC9CEB8-8B4A-11D0-8D11-00A0C91BC942}") = "AlgoVisualizer", "AlgoVisualizer\AlgoVisualizer.vcxproj", "{94662855-4F3B-4617-BDE2-7371AE16B3A8}"
EndProject
Project("{8BC9CEB8-8B4A-11D0-8D11-00A0C91BC942}") = "L4", "..\L4\L4\L4.vcxproj", "{02BE25FE-DA70-4432-8B28-3AEC31101722}"
EndProject
Project("{8BC9CEB8-8B4A-11D0-8D11-00A0C91BC942}") = "AlgoVisualizerDemo", "AlgoVisualizerDemo\AlgoVisualizerDemo.vcxproj", "{FA557046-6D54-48C0-ACE0-8D286179CF01}"
EndProject
Global
	GlobalSection(SolutionConfigurationPlatforms) = preSolution
		Debug|x64 = Debug|x64
		Debug|x86 = Debug|x86
		Release|x64 = Release|x64
		Release|x86 = Release|x86
	EndGlobalSection
	GlobalSection(ProjectConfigurationPlatforms) = postSolution
		{94662855-4F3B-4617-BDE2-7371AE16B3A8}.Debug|x64.ActiveCfg = Debug|x64
		{94662855-4F3B-4617-BDE2-7371AE16B3A8}.Debug|x64.Build.0 = Debug|x64
		{94662855-4F3B-4617-BDE2-7371AE16B3A8}.Debug|x86.ActiveCfg = Debug|Win32
		{94662855-4F3B-4617-BDE2-7371AE16B3A8}.Debug|x86.Build.0 = Debug|Win32
		{94662855-4F3B-4617-BDE2-7371AE16B3A8}.Release|x64.ActiveCfg = Release|x64
		{94662855-4F3B-4617-BDE2-7371AE16B3A8}.Release|x64.Build.0 = Release|x64
		{94662855-4F3B-4617-BDE2-7371AE16B3A8}.Release|x86.ActiveCfg = Release|Win32
		{94662855-4F3B-4617-BDE2-7371AE16B3A8}.Release|x86.Build.0 = Release|Win32
		{02BE25FE-DA70-4432-8B28-3AEC31101722}.Debug|x64.ActiveCfg = Debug|x64
		{02BE25FE-DA70-4432-8B28-3AEC31101722}.Debug|x64.Build.0 = Debug|x64
		{02BE25FE-DA70-4432-8B28-3AEC31101722}.Debug|x86.ActiveCfg = Debug|Win32
		{02BE25FE-DA70-4432-8B28-3AEC31101722}.Debug|x86.Build.0 = Debug|Win32
		{02BE25FE-DA70-4432-8B28-3AEC31101722}.Release|x64.ActiveCfg = Release|x64
		{02BE25FE-DA70-4432-8B28-3AEC31101722}.Release|x64.Build.0 = Release|x64
		{02BE25FE-DA70-4432-8B28-3AEC31101722}.Release|x86.ActiveCfg = Release|Win32
		{02BE25FE-DA70-4432-8B28-3AEC31101722}.Release|x86.Build.0 = Release|Win32
		{FA557046-6D54-48C0-ACE0-8D286179CF01}.Debug|x64.ActiveCfg = Debug|x64
		{FA557046-6D54-48C0-ACE0-8D286179CF01}.Debug|x64.Build.0 = Debug|x64
		{FA557046-6D54-48C0-ACE0-8D286179CF01}.Debug|x86.ActiveCfg = Debug|Win32
		{FA557046-6D54-48C0-ACE0-8D286179CF01}.Debug|x86.Build.0 = Debug|Win32
		{FA557046-6D54-48C0-ACE0-8D286179CF01}.Release|x64.ActiveCfg = Release|x64
		{FA557046-6D54-48C0-ACE0-8D286179CF01}.Release|x64.Build.0 = Release|x64
		{FA557046-6D54-48C0-ACE0-8D286179CF01}.Release|x86.ActiveCfg = Release|Win32
		{FA557046-6D54-48C0-ACE0-8D286179CF01}.Release|x86.Build.0 = Release|Win32
	EndGlobalSection
	GlobalSection(SolutionProperties) = preSolution
		HideSolutionNode = FALSE
	EndGlobalSection
	GlobalSection(ExtensibilityGlobals) = postSolution
		SolutionGuid = {208481FA-6778-46C4-8F77-98DB5A20480A}
	EndGlobalSection
EndGlobal
